
Microsoft Visual Studio Solution File, Format Version 12.00
# Visual Studio Version 16
VisualStudioVersion = 16.0.29519.181
MinimumVisualStudioVersion = 10.0.40219.1
Project("{FAE04EC0-301F-11D3-BF4B-00C04F79EFBC}") = "TwoSun", "TwoSun\TwoSun.csproj", "{BF81E689-1375-4C1C-9FD2-6766016146E4}"
EndProject
Project("{FAE04EC0-301F-11D3-BF4B-00C04F79EFBC}") = "AddTwoNumbers", "AddTwoNumbers\AddTwoNumbers.csproj", "{1AC24107-3DE1-4E61-8323-31DF61B57E92}"
EndProject
Project("{FAE04EC0-301F-11D3-BF4B-00C04F79EFBC}") = "LongestSubstringWithoutRepeatingCharacters", "LongestSubstringWithoutRepeatingCharacters\LongestSubstringWithoutRepeatingCharacters.csproj", "{C67F0B8F-E0C5-4C78-A509-922A78CB89C1}"
EndProject
Project("{FAE04EC0-301F-11D3-BF4B-00C04F79EFBC}") = "MedianofTwoSortedArrays", "MedianofTwoSortedArrays\MedianofTwoSortedArrays.csproj", "{74B34F66-9BA5-43DD-8091-FEB4D840A3F5}"
EndProject
Project("{FAE04EC0-301F-11D3-BF4B-00C04F79EFBC}") = "threeSum", "threeSum\threeSum.csproj", "{E1AD47CE-116B-4092-8AC8-47832B749406}"
EndProject
Project("{FAE04EC0-301F-11D3-BF4B-00C04F79EFBC}") = "LetterCombinationsofaPhoneNumber", "LetterCombinationsofaPhoneNumber\LetterCombinationsofaPhoneNumber.csproj", "{BA4FF9D7-3DA8-441E-8933-A606B4D84058}"
EndProject
Project("{FAE04EC0-301F-11D3-BF4B-00C04F79EFBC}") = "RotateList", "RotateList\RotateList.csproj", "{57BAA7CE-1D5C-4792-A54D-FEDAB022BF72}"
EndProject
Project("{9A19103F-16F7-4668-BE54-9A1E7A4F7556}") = "BinarySearchSort", "BinarySearchSort\BinarySearchSort.csproj", "{A0D1F1F1-71B3-453A-815B-3DC2796E51C4}"
EndProject
Project("{9A19103F-16F7-4668-BE54-9A1E7A4F7556}") = "SelectSort", "SelectSort\SelectSort.csproj", "{69619A52-5F2B-4CFE-853B-B765A40CCC62}"
EndProject
Project("{9A19103F-16F7-4668-BE54-9A1E7A4F7556}") = "LongestPalindromicSubstring", "LongestPalindromicSubstring\LongestPalindromicSubstring.csproj", "{DD505521-A557-48B0-AE48-354F4B8726C6}"
EndProject
Project("{9A19103F-16F7-4668-BE54-9A1E7A4F7556}") = "RegularExpressionMatching", "RegularExpressionMatching\RegularExpressionMatching.csproj", "{52E7B707-C36D-4328-8E87-31FE28C814B1}"
EndProject
Project("{9A19103F-16F7-4668-BE54-9A1E7A4F7556}") = "LongestValidParentheses", "LongestValidParentheses\LongestValidParentheses.csproj", "{29A97FEF-20B9-4E77-A353-E28F96F37681}"
EndProject
Project("{9A19103F-16F7-4668-BE54-9A1E7A4F7556}") = "WildcardMatching", "WildcardMatching\WildcardMatching.csproj", "{A028ADCE-DC81-4273-A024-FD383F8FC8A7}"
EndProject
Project("{9A19103F-16F7-4668-BE54-9A1E7A4F7556}") = "PathSum", "PathSum\PathSum.csproj", "{301BE9D5-95DC-4CAF-99D3-ED2C78A3EEF7}"
EndProject
Project("{FAE04EC0-301F-11D3-BF4B-00C04F79EFBC}") = "ValidateBinarySearchTree", "ValidateBinarySearchTree\ValidateBinarySearchTree.csproj", "{F1E86AD8-E13A-48B5-8CEA-49D8FB348EEA}"
EndProject
Project("{FAE04EC0-301F-11D3-BF4B-00C04F79EFBC}") = "BinaryTreeLevelOrderTraversal", "BinaryTreeLevelOrderTraversal\BinaryTreeLevelOrderTraversal.csproj", "{57E43555-49B3-4D16-A476-E444691F032C}"
EndProject
Project("{FAE04EC0-301F-11D3-BF4B-00C04F79EFBC}") = "MaximumDepthofBinaryTree", "MaximumDepthofBinaryTree\MaximumDepthofBinaryTree.csproj", "{358284A4-7931-4F8D-B8D5-C74CEF2673BA}"
EndProject
Global
	GlobalSection(SolutionConfigurationPlatforms) = preSolution
		Debug|Any CPU = Debug|Any CPU
		Release|Any CPU = Release|Any CPU
	EndGlobalSection
	GlobalSection(ProjectConfigurationPlatforms) = postSolution
		{BF81E689-1375-4C1C-9FD2-6766016146E4}.Debug|Any CPU.ActiveCfg = Debug|Any CPU
		{BF81E689-1375-4C1C-9FD2-6766016146E4}.Debug|Any CPU.Build.0 = Debug|Any CPU
		{BF81E689-1375-4C1C-9FD2-6766016146E4}.Release|Any CPU.ActiveCfg = Release|Any CPU
		{BF81E689-1375-4C1C-9FD2-6766016146E4}.Release|Any CPU.Build.0 = Release|Any CPU
		{1AC24107-3DE1-4E61-8323-31DF61B57E92}.Debug|Any CPU.ActiveCfg = Debug|Any CPU
		{1AC24107-3DE1-4E61-8323-31DF61B57E92}.Debug|Any CPU.Build.0 = Debug|Any CPU
		{1AC24107-3DE1-4E61-8323-31DF61B57E92}.Release|Any CPU.ActiveCfg = Release|Any CPU
		{1AC24107-3DE1-4E61-8323-31DF61B57E92}.Release|Any CPU.Build.0 = Release|Any CPU
		{C67F0B8F-E0C5-4C78-A509-922A78CB89C1}.Debug|Any CPU.ActiveCfg = Debug|Any CPU
		{C67F0B8F-E0C5-4C78-A509-922A78CB89C1}.Debug|Any CPU.Build.0 = Debug|Any CPU
		{C67F0B8F-E0C5-4C78-A509-922A78CB89C1}.Release|Any CPU.ActiveCfg = Release|Any CPU
		{C67F0B8F-E0C5-4C78-A509-922A78CB89C1}.Release|Any CPU.Build.0 = Release|Any CPU
		{74B34F66-9BA5-43DD-8091-FEB4D840A3F5}.Debug|Any CPU.ActiveCfg = Debug|Any CPU
		{74B34F66-9BA5-43DD-8091-FEB4D840A3F5}.Debug|Any CPU.Build.0 = Debug|Any CPU
		{74B34F66-9BA5-43DD-8091-FEB4D840A3F5}.Release|Any CPU.ActiveCfg = Release|Any CPU
		{74B34F66-9BA5-43DD-8091-FEB4D840A3F5}.Release|Any CPU.Build.0 = Release|Any CPU
		{E1AD47CE-116B-4092-8AC8-47832B749406}.Debug|Any CPU.ActiveCfg = Debug|Any CPU
		{E1AD47CE-116B-4092-8AC8-47832B749406}.Debug|Any CPU.Build.0 = Debug|Any CPU
		{E1AD47CE-116B-4092-8AC8-47832B749406}.Release|Any CPU.ActiveCfg = Release|Any CPU
		{E1AD47CE-116B-4092-8AC8-47832B749406}.Release|Any CPU.Build.0 = Release|Any CPU
		{BA4FF9D7-3DA8-441E-8933-A606B4D84058}.Debug|Any CPU.ActiveCfg = Debug|Any CPU
		{BA4FF9D7-3DA8-441E-8933-A606B4D84058}.Debug|Any CPU.Build.0 = Debug|Any CPU
		{BA4FF9D7-3DA8-441E-8933-A606B4D84058}.Release|Any CPU.ActiveCfg = Release|Any CPU
		{BA4FF9D7-3DA8-441E-8933-A606B4D84058}.Release|Any CPU.Build.0 = Release|Any CPU
		{57BAA7CE-1D5C-4792-A54D-FEDAB022BF72}.Debug|Any CPU.ActiveCfg = Debug|Any CPU
		{57BAA7CE-1D5C-4792-A54D-FEDAB022BF72}.Debug|Any CPU.Build.0 = Debug|Any CPU
		{57BAA7CE-1D5C-4792-A54D-FEDAB022BF72}.Release|Any CPU.ActiveCfg = Release|Any CPU
		{57BAA7CE-1D5C-4792-A54D-FEDAB022BF72}.Release|Any CPU.Build.0 = Release|Any CPU
		{A0D1F1F1-71B3-453A-815B-3DC2796E51C4}.Debug|Any CPU.ActiveCfg = Debug|Any CPU
		{A0D1F1F1-71B3-453A-815B-3DC2796E51C4}.Debug|Any CPU.Build.0 = Debug|Any CPU
		{A0D1F1F1-71B3-453A-815B-3DC2796E51C4}.Release|Any CPU.ActiveCfg = Release|Any CPU
		{A0D1F1F1-71B3-453A-815B-3DC2796E51C4}.Release|Any CPU.Build.0 = Release|Any CPU
		{69619A52-5F2B-4CFE-853B-B765A40CCC62}.Debug|Any CPU.ActiveCfg = Debug|Any CPU
		{69619A52-5F2B-4CFE-853B-B765A40CCC62}.Debug|Any CPU.Build.0 = Debug|Any CPU
		{69619A52-5F2B-4CFE-853B-B765A40CCC62}.Release|Any CPU.ActiveCfg = Release|Any CPU
		{69619A52-5F2B-4CFE-853B-B765A40CCC62}.Release|Any CPU.Build.0 = Release|Any CPU
		{DD505521-A557-48B0-AE48-354F4B8726C6}.Debug|Any CPU.ActiveCfg = Debug|Any CPU
		{DD505521-A557-48B0-AE48-354F4B8726C6}.Debug|Any CPU.Build.0 = Debug|Any CPU
		{DD505521-A557-48B0-AE48-354F4B8726C6}.Release|Any CPU.ActiveCfg = Release|Any CPU
		{DD505521-A557-48B0-AE48-354F4B8726C6}.Release|Any CPU.Build.0 = Release|Any CPU
		{52E7B707-C36D-4328-8E87-31FE28C814B1}.Debug|Any CPU.ActiveCfg = Debug|Any CPU
		{52E7B707-C36D-4328-8E87-31FE28C814B1}.Debug|Any CPU.Build.0 = Debug|Any CPU
		{52E7B707-C36D-4328-8E87-31FE28C814B1}.Release|Any CPU.ActiveCfg = Release|Any CPU
		{52E7B707-C36D-4328-8E87-31FE28C814B1}.Release|Any CPU.Build.0 = Release|Any CPU
		{29A97FEF-20B9-4E77-A353-E28F96F37681}.Debug|Any CPU.ActiveCfg = Debug|Any CPU
		{29A97FEF-20B9-4E77-A353-E28F96F37681}.Debug|Any CPU.Build.0 = Debug|Any CPU
		{29A97FEF-20B9-4E77-A353-E28F96F37681}.Release|Any CPU.ActiveCfg = Release|Any CPU
		{29A97FEF-20B9-4E77-A353-E28F96F37681}.Release|Any CPU.Build.0 = Release|Any CPU
		{A028ADCE-DC81-4273-A024-FD383F8FC8A7}.Debug|Any CPU.ActiveCfg = Debug|Any CPU
		{A028ADCE-DC81-4273-A024-FD383F8FC8A7}.Debug|Any CPU.Build.0 = Debug|Any CPU
		{A028ADCE-DC81-4273-A024-FD383F8FC8A7}.Release|Any CPU.ActiveCfg = Release|Any CPU
		{A028ADCE-DC81-4273-A024-FD383F8FC8A7}.Release|Any CPU.Build.0 = Release|Any CPU
		{301BE9D5-95DC-4CAF-99D3-ED2C78A3EEF7}.Debug|Any CPU.ActiveCfg = Debug|Any CPU
		{301BE9D5-95DC-4CAF-99D3-ED2C78A3EEF7}.Debug|Any CPU.Build.0 = Debug|Any CPU
		{301BE9D5-95DC-4CAF-99D3-ED2C78A3EEF7}.Release|Any CPU.ActiveCfg = Release|Any CPU
		{301BE9D5-95DC-4CAF-99D3-ED2C78A3EEF7}.Release|Any CPU.Build.0 = Release|Any CPU
		{F1E86AD8-E13A-48B5-8CEA-49D8FB348EEA}.Debug|Any CPU.ActiveCfg = Debug|Any CPU
		{F1E86AD8-E13A-48B5-8CEA-49D8FB348EEA}.Debug|Any CPU.Build.0 = Debug|Any CPU
		{F1E86AD8-E13A-48B5-8CEA-49D8FB348EEA}.Release|Any CPU.ActiveCfg = Release|Any CPU
		{F1E86AD8-E13A-48B5-8CEA-49D8FB348EEA}.Release|Any CPU.Build.0 = Release|Any CPU
		{57E43555-49B3-4D16-A476-E444691F032C}.Debug|Any CPU.ActiveCfg = Debug|Any CPU
		{57E43555-49B3-4D16-A476-E444691F032C}.Debug|Any CPU.Build.0 = Debug|Any CPU
		{57E43555-49B3-4D16-A476-E444691F032C}.Release|Any CPU.ActiveCfg = Release|Any CPU
		{57E43555-49B3-4D16-A476-E444691F032C}.Release|Any CPU.Build.0 = Release|Any CPU
		{358284A4-7931-4F8D-B8D5-C74CEF2673BA}.Debug|Any CPU.ActiveCfg = Debug|Any CPU
		{358284A4-7931-4F8D-B8D5-C74CEF2673BA}.Debug|Any CPU.Build.0 = Debug|Any CPU
		{358284A4-7931-4F8D-B8D5-C74CEF2673BA}.Release|Any CPU.ActiveCfg = Release|Any CPU
		{358284A4-7931-4F8D-B8D5-C74CEF2673BA}.Release|Any CPU.Build.0 = Release|Any CPU
	EndGlobalSection
	GlobalSection(SolutionProperties) = preSolution
		HideSolutionNode = FALSE
	EndGlobalSection
	GlobalSection(ExtensibilityGlobals) = postSolution
		SolutionGuid = {08E4009C-B598-43B4-BEEE-935DBAD4619D}
	EndGlobalSection
EndGlobal
